
Microsoft Visual Studio Solution File, Format Version 12.00
# Visual Studio Version 16
VisualStudioVersion = 16.0.30225.117
MinimumVisualStudioVersion = 10.0.40219.1
Project("{FAE04EC0-301F-11D3-BF4B-00C04F79EFBC}") = "NPM", "CWA\NPM.csproj", "{177F11E6-023C-4889-AAA2-7632EC020758}"
EndProject
Project("{2150E333-8FDC-42A3-9474-1A3956D46DE8}") = "Solution Items", "Solution Items", "{B3EB5B0F-5642-4BB3-B99A-012BD7B25A15}"
	ProjectSection(SolutionItems) = preProject
		.editorconfig = .editorconfig
	EndProjectSection
EndProject
Global
	GlobalSection(SolutionConfigurationPlatforms) = preSolution
		Debug|Any CPU = Debug|Any CPU
		Release|Any CPU = Release|Any CPU
	EndGlobalSection
	GlobalSection(ProjectConfigurationPlatforms) = postSolution
		{177F11E6-023C-4889-AAA2-7632EC020758}.Debug|Any CPU.ActiveCfg = Debug|Any CPU
		{177F11E6-023C-4889-AAA2-7632EC020758}.Debug|Any CPU.Build.0 = Debug|Any CPU
		{177F11E6-023C-4889-AAA2-7632EC020758}.Release|Any CPU.ActiveCfg = Release|Any CPU
		{177F11E6-023C-4889-AAA2-7632EC020758}.Release|Any CPU.Build.0 = Release|Any CPU
	EndGlobalSection
	GlobalSection(SolutionProperties) = preSolution
		HideSolutionNode = FALSE
	EndGlobalSection
	GlobalSection(ExtensibilityGlobals) = postSolution
		SolutionGuid = {AE613907-DEFD-4483-BD8B-0EC7C6408E57}
	EndGlobalSection
EndGlobal
